
Microsoft Visual Studio Solution File, Format Version 12.00
# Visual Studio Version 17
VisualStudioVersion = 17.1.32421.90
MinimumVisualStudioVersion = 10.0.40219.1
Project("{FAE04EC0-301F-11D3-BF4B-00C04F79EFBC}") = "Magazic", "Magaz\Magazic.csproj", "{C80D781C-36C5-4CCD-A132-CE5CD82DA4A2}"
EndProject
Global
	GlobalSection(SolutionConfigurationPlatforms) = preSolution
		Debug|Any CPU = Debug|Any CPU
		Release|Any CPU = Release|Any CPU
	EndGlobalSection
	GlobalSection(ProjectConfigurationPlatforms) = postSolution
		{C80D781C-36C5-4CCD-A132-CE5CD82DA4A2}.Debug|Any CPU.ActiveCfg = Debug|Any CPU
		{C80D781C-36C5-4CCD-A132-CE5CD82DA4A2}.Debug|Any CPU.Build.0 = Debug|Any CPU
		{C80D781C-36C5-4CCD-A132-CE5CD82DA4A2}.Release|Any CPU.ActiveCfg = Release|Any CPU
		{C80D781C-36C5-4CCD-A132-CE5CD82DA4A2}.Release|Any CPU.Build.0 = Release|Any CPU
	EndGlobalSection
	GlobalSection(SolutionProperties) = preSolution
		HideSolutionNode = FALSE
	EndGlobalSection
	GlobalSection(ExtensibilityGlobals) = postSolution
		SolutionGuid = {15259BF4-0F75-4400-8F90-52A3AA50C553}
	EndGlobalSection
EndGlobal
